
Microsoft Visual Studio Solution File, Format Version 12.00
# Visual Studio 2012
Project("{FAE04EC0-301F-11D3-BF4B-00C04F79EFBC}") = "Inventory", "Inventory\Inventory.csproj", "{20DE6DB8-4C94-4091-AE76-9DB458AC7EFC}"
EndProject
Project("{FAE04EC0-301F-11D3-BF4B-00C04F79EFBC}") = "Inventory.Launcher", "..\Inventory.Launcher\Inventory.Launcher.csproj", "{8FE7AAFB-E5B0-42C8-BC8F-FCEBA013D738}"
EndProject
Project("{FAE04EC0-301F-11D3-BF4B-00C04F79EFBC}") = "Inventory.BusinessClass", "..\Inventory.BusinessClass\Inventory.BusinessClass.csproj", "{FEC106C6-D896-4451-AEE8-314DE950DDD2}"
EndProject
Project("{FAE04EC0-301F-11D3-BF4B-00C04F79EFBC}") = "Inventory.EntityClass", "..\Inventory.EntityClass\Inventory.EntityClass.csproj", "{6240D286-DEB0-4A4C-B98E-EEFA5FAFCDD3}"
EndProject
Project("{FAE04EC0-301F-11D3-BF4B-00C04F79EFBC}") = "Inventory.NhapXuat", "..\Inventory.NhapXuat\Inventory.NhapXuat.csproj", "{9C6D98B7-04CC-4867-8FD4-EA72C1EF1C29}"
EndProject
Project("{FAE04EC0-301F-11D3-BF4B-00C04F79EFBC}") = "Inventory.Utilities", "..\Inventory.Utilities\Inventory.Utilities.csproj", "{BDE21978-8FDB-4215-96B6-58A6A6863459}"
EndProject
Project("{FAE04EC0-301F-11D3-BF4B-00C04F79EFBC}") = "Inventory.DanhMuc", "..\Inventory.DanhMuc\Inventory.DanhMuc.csproj", "{9B7E7165-FF3A-4E7B-87C0-5C0B45ED189D}"
EndProject
Project("{FAE04EC0-301F-11D3-BF4B-00C04F79EFBC}") = "Inventory.XuatTamVatTu", "Inventory.XuatTamVatTu\Inventory.XuatTamVatTu.csproj", "{F1EDB54E-6BCA-4689-896A-98A6F99816B2}"
EndProject
Project("{FAE04EC0-301F-11D3-BF4B-00C04F79EFBC}") = "Inventory.QuanLyTonDauKy", "..\Inventory.QuanLyTonDauKy\Inventory.QuanLyTonDauKy.csproj", "{2E4FE390-1E18-4479-B07D-0E83D3735C9A}"
EndProject
Project("{FAE04EC0-301F-11D3-BF4B-00C04F79EFBC}") = "Inventory.Report", "..\Inventory.Report\Inventory.Report.csproj", "{96444DAC-3070-4943-B9C9-3C005311F249}"
EndProject
Project("{FAE04EC0-301F-11D3-BF4B-00C04F79EFBC}") = "Inventory.Models", "Inventory.Models\Inventory.Models.csproj", "{AF07E61B-F4A5-4B74-B131-4EC8ADD3AA72}"
EndProject
Global
	GlobalSection(SolutionConfigurationPlatforms) = preSolution
		Debug|Any CPU = Debug|Any CPU
		Debug|Mixed Platforms = Debug|Mixed Platforms
		Debug|x86 = Debug|x86
		Release|Any CPU = Release|Any CPU
		Release|Mixed Platforms = Release|Mixed Platforms
		Release|x86 = Release|x86
	EndGlobalSection
	GlobalSection(ProjectConfigurationPlatforms) = postSolution
		{20DE6DB8-4C94-4091-AE76-9DB458AC7EFC}.Debug|Any CPU.ActiveCfg = Debug|x86
		{20DE6DB8-4C94-4091-AE76-9DB458AC7EFC}.Debug|Mixed Platforms.ActiveCfg = Debug|x86
		{20DE6DB8-4C94-4091-AE76-9DB458AC7EFC}.Debug|Mixed Platforms.Build.0 = Debug|x86
		{20DE6DB8-4C94-4091-AE76-9DB458AC7EFC}.Debug|x86.ActiveCfg = Debug|x86
		{20DE6DB8-4C94-4091-AE76-9DB458AC7EFC}.Debug|x86.Build.0 = Debug|x86
		{20DE6DB8-4C94-4091-AE76-9DB458AC7EFC}.Release|Any CPU.ActiveCfg = Release|x86
		{20DE6DB8-4C94-4091-AE76-9DB458AC7EFC}.Release|Mixed Platforms.ActiveCfg = Release|x86
		{20DE6DB8-4C94-4091-AE76-9DB458AC7EFC}.Release|Mixed Platforms.Build.0 = Release|x86
		{20DE6DB8-4C94-4091-AE76-9DB458AC7EFC}.Release|x86.ActiveCfg = Release|x86
		{20DE6DB8-4C94-4091-AE76-9DB458AC7EFC}.Release|x86.Build.0 = Release|x86
		{8FE7AAFB-E5B0-42C8-BC8F-FCEBA013D738}.Debug|Any CPU.ActiveCfg = Debug|x86
		{8FE7AAFB-E5B0-42C8-BC8F-FCEBA013D738}.Debug|Mixed Platforms.ActiveCfg = Debug|x86
		{8FE7AAFB-E5B0-42C8-BC8F-FCEBA013D738}.Debug|Mixed Platforms.Build.0 = Debug|x86
		{8FE7AAFB-E5B0-42C8-BC8F-FCEBA013D738}.Debug|x86.ActiveCfg = Debug|x86
		{8FE7AAFB-E5B0-42C8-BC8F-FCEBA013D738}.Debug|x86.Build.0 = Debug|x86
		{8FE7AAFB-E5B0-42C8-BC8F-FCEBA013D738}.Release|Any CPU.ActiveCfg = Release|x86
		{8FE7AAFB-E5B0-42C8-BC8F-FCEBA013D738}.Release|Mixed Platforms.ActiveCfg = Release|x86
		{8FE7AAFB-E5B0-42C8-BC8F-FCEBA013D738}.Release|Mixed Platforms.Build.0 = Release|x86
		{8FE7AAFB-E5B0-42C8-BC8F-FCEBA013D738}.Release|x86.ActiveCfg = Release|x86
		{8FE7AAFB-E5B0-42C8-BC8F-FCEBA013D738}.Release|x86.Build.0 = Release|x86
		{FEC106C6-D896-4451-AEE8-314DE950DDD2}.Debug|Any CPU.ActiveCfg = Debug|Any CPU
		{FEC106C6-D896-4451-AEE8-314DE950DDD2}.Debug|Any CPU.Build.0 = Debug|Any CPU
		{FEC106C6-D896-4451-AEE8-314DE950DDD2}.Debug|Mixed Platforms.ActiveCfg = Debug|Any CPU
		{FEC106C6-D896-4451-AEE8-314DE950DDD2}.Debug|Mixed Platforms.Build.0 = Debug|Any CPU
		{FEC106C6-D896-4451-AEE8-314DE950DDD2}.Debug|x86.ActiveCfg = Debug|Any CPU
		{FEC106C6-D896-4451-AEE8-314DE950DDD2}.Release|Any CPU.ActiveCfg = Release|Any CPU
		{FEC106C6-D896-4451-AEE8-314DE950DDD2}.Release|Any CPU.Build.0 = Release|Any CPU
		{FEC106C6-D896-4451-AEE8-314DE950DDD2}.Release|Mixed Platforms.ActiveCfg = Release|Any CPU
		{FEC106C6-D896-4451-AEE8-314DE950DDD2}.Release|Mixed Platforms.Build.0 = Release|Any CPU
		{FEC106C6-D896-4451-AEE8-314DE950DDD2}.Release|x86.ActiveCfg = Release|Any CPU
		{6240D286-DEB0-4A4C-B98E-EEFA5FAFCDD3}.Debug|Any CPU.ActiveCfg = Debug|Any CPU
		{6240D286-DEB0-4A4C-B98E-EEFA5FAFCDD3}.Debug|Any CPU.Build.0 = Debug|Any CPU
		{6240D286-DEB0-4A4C-B98E-EEFA5FAFCDD3}.Debug|Mixed Platforms.ActiveCfg = Debug|Any CPU
		{6240D286-DEB0-4A4C-B98E-EEFA5FAFCDD3}.Debug|Mixed Platforms.Build.0 = Debug|Any CPU
		{6240D286-DEB0-4A4C-B98E-EEFA5FAFCDD3}.Debug|x86.ActiveCfg = Debug|Any CPU
		{6240D286-DEB0-4A4C-B98E-EEFA5FAFCDD3}.Release|Any CPU.ActiveCfg = Release|Any CPU
		{6240D286-DEB0-4A4C-B98E-EEFA5FAFCDD3}.Release|Any CPU.Build.0 = Release|Any CPU
		{6240D286-DEB0-4A4C-B98E-EEFA5FAFCDD3}.Release|Mixed Platforms.ActiveCfg = Release|Any CPU
		{6240D286-DEB0-4A4C-B98E-EEFA5FAFCDD3}.Release|Mixed Platforms.Build.0 = Release|Any CPU
		{6240D286-DEB0-4A4C-B98E-EEFA5FAFCDD3}.Release|x86.ActiveCfg = Release|Any CPU
		{9C6D98B7-04CC-4867-8FD4-EA72C1EF1C29}.Debug|Any CPU.ActiveCfg = Debug|Any CPU
		{9C6D98B7-04CC-4867-8FD4-EA72C1EF1C29}.Debug|Any CPU.Build.0 = Debug|Any CPU
		{9C6D98B7-04CC-4867-8FD4-EA72C1EF1C29}.Debug|Mixed Platforms.ActiveCfg = Debug|Any CPU
		{9C6D98B7-04CC-4867-8FD4-EA72C1EF1C29}.Debug|Mixed Platforms.Build.0 = Debug|Any CPU
		{9C6D98B7-04CC-4867-8FD4-EA72C1EF1C29}.Debug|x86.ActiveCfg = Debug|Any CPU
		{9C6D98B7-04CC-4867-8FD4-EA72C1EF1C29}.Release|Any CPU.ActiveCfg = Release|Any CPU
		{9C6D98B7-04CC-4867-8FD4-EA72C1EF1C29}.Release|Any CPU.Build.0 = Release|Any CPU
		{9C6D98B7-04CC-4867-8FD4-EA72C1EF1C29}.Release|Mixed Platforms.ActiveCfg = Release|Any CPU
		{9C6D98B7-04CC-4867-8FD4-EA72C1EF1C29}.Release|Mixed Platforms.Build.0 = Release|Any CPU
		{9C6D98B7-04CC-4867-8FD4-EA72C1EF1C29}.Release|x86.ActiveCfg = Release|Any CPU
		{BDE21978-8FDB-4215-96B6-58A6A6863459}.Debug|Any CPU.ActiveCfg = Debug|Any CPU
		{BDE21978-8FDB-4215-96B6-58A6A6863459}.Debug|Any CPU.Build.0 = Debug|Any CPU
		{BDE21978-8FDB-4215-96B6-58A6A6863459}.Debug|Mixed Platforms.ActiveCfg = Debug|Any CPU
		{BDE21978-8FDB-4215-96B6-58A6A6863459}.Debug|Mixed Platforms.Build.0 = Debug|Any CPU
		{BDE21978-8FDB-4215-96B6-58A6A6863459}.Debug|x86.ActiveCfg = Debug|Any CPU
		{BDE21978-8FDB-4215-96B6-58A6A6863459}.Release|Any CPU.ActiveCfg = Release|Any CPU
		{BDE21978-8FDB-4215-96B6-58A6A6863459}.Release|Any CPU.Build.0 = Release|Any CPU
		{BDE21978-8FDB-4215-96B6-58A6A6863459}.Release|Mixed Platforms.ActiveCfg = Release|Any CPU
		{BDE21978-8FDB-4215-96B6-58A6A6863459}.Release|Mixed Platforms.Build.0 = Release|Any CPU
		{BDE21978-8FDB-4215-96B6-58A6A6863459}.Release|x86.ActiveCfg = Release|Any CPU
		{9B7E7165-FF3A-4E7B-87C0-5C0B45ED189D}.Debug|Any CPU.ActiveCfg = Debug|Any CPU
		{9B7E7165-FF3A-4E7B-87C0-5C0B45ED189D}.Debug|Any CPU.Build.0 = Debug|Any CPU
		{9B7E7165-FF3A-4E7B-87C0-5C0B45ED189D}.Debug|Mixed Platforms.ActiveCfg = Debug|Any CPU
		{9B7E7165-FF3A-4E7B-87C0-5C0B45ED189D}.Debug|Mixed Platforms.Build.0 = Debug|Any CPU
		{9B7E7165-FF3A-4E7B-87C0-5C0B45ED189D}.Debug|x86.ActiveCfg = Debug|Any CPU
		{9B7E7165-FF3A-4E7B-87C0-5C0B45ED189D}.Release|Any CPU.ActiveCfg = Release|Any CPU
		{9B7E7165-FF3A-4E7B-87C0-5C0B45ED189D}.Release|Any CPU.Build.0 = Release|Any CPU
		{9B7E7165-FF3A-4E7B-87C0-5C0B45ED189D}.Release|Mixed Platforms.ActiveCfg = Release|Any CPU
		{9B7E7165-FF3A-4E7B-87C0-5C0B45ED189D}.Release|Mixed Platforms.Build.0 = Release|Any CPU
		{9B7E7165-FF3A-4E7B-87C0-5C0B45ED189D}.Release|x86.ActiveCfg = Release|Any CPU
		{F1EDB54E-6BCA-4689-896A-98A6F99816B2}.Debug|Any CPU.ActiveCfg = Debug|Any CPU
		{F1EDB54E-6BCA-4689-896A-98A6F99816B2}.Debug|Any CPU.Build.0 = Debug|Any CPU
		{F1EDB54E-6BCA-4689-896A-98A6F99816B2}.Debug|Mixed Platforms.ActiveCfg = Debug|Any CPU
		{F1EDB54E-6BCA-4689-896A-98A6F99816B2}.Debug|Mixed Platforms.Build.0 = Debug|Any CPU
		{F1EDB54E-6BCA-4689-896A-98A6F99816B2}.Debug|x86.ActiveCfg = Debug|Any CPU
		{F1EDB54E-6BCA-4689-896A-98A6F99816B2}.Release|Any CPU.ActiveCfg = Release|Any CPU
		{F1EDB54E-6BCA-4689-896A-98A6F99816B2}.Release|Any CPU.Build.0 = Release|Any CPU
		{F1EDB54E-6BCA-4689-896A-98A6F99816B2}.Release|Mixed Platforms.ActiveCfg = Release|Any CPU
		{F1EDB54E-6BCA-4689-896A-98A6F99816B2}.Release|Mixed Platforms.Build.0 = Release|Any CPU
		{F1EDB54E-6BCA-4689-896A-98A6F99816B2}.Release|x86.ActiveCfg = Release|Any CPU
		{2E4FE390-1E18-4479-B07D-0E83D3735C9A}.Debug|Any CPU.ActiveCfg = Debug|x86
		{2E4FE390-1E18-4479-B07D-0E83D3735C9A}.Debug|Mixed Platforms.ActiveCfg = Debug|x86
		{2E4FE390-1E18-4479-B07D-0E83D3735C9A}.Debug|Mixed Platforms.Build.0 = Debug|x86
		{2E4FE390-1E18-4479-B07D-0E83D3735C9A}.Debug|x86.ActiveCfg = Debug|x86
		{2E4FE390-1E18-4479-B07D-0E83D3735C9A}.Debug|x86.Build.0 = Debug|x86
		{2E4FE390-1E18-4479-B07D-0E83D3735C9A}.Release|Any CPU.ActiveCfg = Release|x86
		{2E4FE390-1E18-4479-B07D-0E83D3735C9A}.Release|Mixed Platforms.ActiveCfg = Release|x86
		{2E4FE390-1E18-4479-B07D-0E83D3735C9A}.Release|Mixed Platforms.Build.0 = Release|x86
		{2E4FE390-1E18-4479-B07D-0E83D3735C9A}.Release|x86.ActiveCfg = Release|x86
		{2E4FE390-1E18-4479-B07D-0E83D3735C9A}.Release|x86.Build.0 = Release|x86
		{96444DAC-3070-4943-B9C9-3C005311F249}.Debug|Any CPU.ActiveCfg = Debug|Any CPU
		{96444DAC-3070-4943-B9C9-3C005311F249}.Debug|Any CPU.Build.0 = Debug|Any CPU
		{96444DAC-3070-4943-B9C9-3C005311F249}.Debug|Mixed Platforms.ActiveCfg = Debug|Any CPU
		{96444DAC-3070-4943-B9C9-3C005311F249}.Debug|Mixed Platforms.Build.0 = Debug|Any CPU
		{96444DAC-3070-4943-B9C9-3C005311F249}.Debug|x86.ActiveCfg = Debug|Any CPU
		{96444DAC-3070-4943-B9C9-3C005311F249}.Release|Any CPU.ActiveCfg = Release|Any CPU
		{96444DAC-3070-4943-B9C9-3C005311F249}.Release|Any CPU.Build.0 = Release|Any CPU
		{96444DAC-3070-4943-B9C9-3C005311F249}.Release|Mixed Platforms.ActiveCfg = Release|Any CPU
		{96444DAC-3070-4943-B9C9-3C005311F249}.Release|Mixed Platforms.Build.0 = Release|Any CPU
		{96444DAC-3070-4943-B9C9-3C005311F249}.Release|x86.ActiveCfg = Release|Any CPU
		{AF07E61B-F4A5-4B74-B131-4EC8ADD3AA72}.Debug|Any CPU.ActiveCfg = Debug|Any CPU
		{AF07E61B-F4A5-4B74-B131-4EC8ADD3AA72}.Debug|Any CPU.Build.0 = Debug|Any CPU
		{AF07E61B-F4A5-4B74-B131-4EC8ADD3AA72}.Debug|Mixed Platforms.ActiveCfg = Debug|Any CPU
		{AF07E61B-F4A5-4B74-B131-4EC8ADD3AA72}.Debug|Mixed Platforms.Build.0 = Debug|Any CPU
		{AF07E61B-F4A5-4B74-B131-4EC8ADD3AA72}.Debug|x86.ActiveCfg = Debug|Any CPU
		{AF07E61B-F4A5-4B74-B131-4EC8ADD3AA72}.Release|Any CPU.ActiveCfg = Release|Any CPU
		{AF07E61B-F4A5-4B74-B131-4EC8ADD3AA72}.Release|Any CPU.Build.0 = Release|Any CPU
		{AF07E61B-F4A5-4B74-B131-4EC8ADD3AA72}.Release|Mixed Platforms.ActiveCfg = Release|Any CPU
		{AF07E61B-F4A5-4B74-B131-4EC8ADD3AA72}.Release|Mixed Platforms.Build.0 = Release|Any CPU
		{AF07E61B-F4A5-4B74-B131-4EC8ADD3AA72}.Release|x86.ActiveCfg = Release|Any CPU
	EndGlobalSection
	GlobalSection(SolutionProperties) = preSolution
		HideSolutionNode = FALSE
	EndGlobalSection
EndGlobal
